
Microsoft Visual Studio Solution File, Format Version 12.00
# Visual Studio Version 17
VisualStudioVersion = 17.6.33829.357
MinimumVisualStudioVersion = 10.0.40219.1
Project("{9A19103F-16F7-4668-BE54-9A1E7A4F7556}") = "Renty", "SpeakEase\Renty.csproj", "{C5B4DA8A-E39D-4A89-8675-BC32FBFC02E6}"
EndProject
Project("{9A19103F-16F7-4668-BE54-9A1E7A4F7556}") = "DAL", "DAL\DAL.csproj", "{263921C7-87F5-4D0F-85DF-D2417B803164}"
EndProject
Project("{9A19103F-16F7-4668-BE54-9A1E7A4F7556}") = "BLL", "BLL\BLL.csproj", "{2D3E9AAB-F7F8-4502-96CD-93CBE37D7606}"
EndProject
Global
	GlobalSection(SolutionConfigurationPlatforms) = preSolution
		Debug|Any CPU = Debug|Any CPU
		Release|Any CPU = Release|Any CPU
	EndGlobalSection
	GlobalSection(ProjectConfigurationPlatforms) = postSolution
		{C5B4DA8A-E39D-4A89-8675-BC32FBFC02E6}.Debug|Any CPU.ActiveCfg = Debug|Any CPU
		{C5B4DA8A-E39D-4A89-8675-BC32FBFC02E6}.Debug|Any CPU.Build.0 = Debug|Any CPU
		{C5B4DA8A-E39D-4A89-8675-BC32FBFC02E6}.Release|Any CPU.ActiveCfg = Release|Any CPU
		{C5B4DA8A-E39D-4A89-8675-BC32FBFC02E6}.Release|Any CPU.Build.0 = Release|Any CPU
		{263921C7-87F5-4D0F-85DF-D2417B803164}.Debug|Any CPU.ActiveCfg = Debug|Any CPU
		{263921C7-87F5-4D0F-85DF-D2417B803164}.Debug|Any CPU.Build.0 = Debug|Any CPU
		{263921C7-87F5-4D0F-85DF-D2417B803164}.Release|Any CPU.ActiveCfg = Release|Any CPU
		{263921C7-87F5-4D0F-85DF-D2417B803164}.Release|Any CPU.Build.0 = Release|Any CPU
		{2D3E9AAB-F7F8-4502-96CD-93CBE37D7606}.Debug|Any CPU.ActiveCfg = Debug|Any CPU
		{2D3E9AAB-F7F8-4502-96CD-93CBE37D7606}.Debug|Any CPU.Build.0 = Debug|Any CPU
		{2D3E9AAB-F7F8-4502-96CD-93CBE37D7606}.Release|Any CPU.ActiveCfg = Release|Any CPU
		{2D3E9AAB-F7F8-4502-96CD-93CBE37D7606}.Release|Any CPU.Build.0 = Release|Any CPU
	EndGlobalSection
	GlobalSection(SolutionProperties) = preSolution
		HideSolutionNode = FALSE
	EndGlobalSection
	GlobalSection(ExtensibilityGlobals) = postSolution
		SolutionGuid = {82CD3729-362A-4C10-B179-7D147882C1DD}
	EndGlobalSection
EndGlobal
